// !$*UTF8*$!
{
	archiveVersion = 1;
	classes = {
	};
	objectVersion = 46;
	objects = {

/* Begin PBXBuildFile section */
		2A296E2A1A62BE6E00049383 /* PHUtility.m in Sources */ = {isa = PBXBuildFile; fileRef = 2A296E291A62BE6E00049383 /* PHUtility.m */; };
		2A296E2D1A62BF1A00049383 /* DirectoryWatcher.m in Sources */ = {isa = PBXBuildFile; fileRef = 2A296E2C1A62BF1A00049383 /* DirectoryWatcher.m */; };
		2A76DDC31A603DD800C00302 /* main.m in Sources */ = {isa = PBXBuildFile; fileRef = 2A76DDC21A603DD800C00302 /* main.m */; };
		2A76DDC61A603DD800C00302 /* AppDelegate.m in Sources */ = {isa = PBXBuildFile; fileRef = 2A76DDC51A603DD800C00302 /* AppDelegate.m */; };
		2A76DDC91A603DD800C00302 /* PHFilechooserViewController.m in Sources */ = {isa = PBXBuildFile; fileRef = 2A76DDC81A603DD800C00302 /* PHFilechooserViewController.m */; };
		2A76DDCC1A603DD800C00302 /* Main.storyboard in Resources */ = {isa = PBXBuildFile; fileRef = 2A76DDCA1A603DD800C00302 /* Main.storyboard */; };
		2A76DDCE1A603DD800C00302 /* Images.xcassets in Resources */ = {isa = PBXBuildFile; fileRef = 2A76DDCD1A603DD800C00302 /* Images.xcassets */; };
		2A76DDD11A603DD800C00302 /* LaunchScreen.xib in Resources */ = {isa = PBXBuildFile; fileRef = 2A76DDCF1A603DD800C00302 /* LaunchScreen.xib */; };
		2A76DDDD1A603DD800C00302 /* Phylogenetic_TreeTests.m in Sources */ = {isa = PBXBuildFile; fileRef = 2A76DDDC1A603DD800C00302 /* Phylogenetic_TreeTests.m */; };
		2A7A93D61A678D4000BE29E9 /* PHiTunesFASTATableViewController.m in Sources */ = {isa = PBXBuildFile; fileRef = 2A7A93D51A678D4000BE29E9 /* PHiTunesFASTATableViewController.m */; };
/* End PBXBuildFile section */

/* Begin PBXContainerItemProxy section */
		2A76DDD71A603DD800C00302 /* PBXContainerItemProxy */ = {
			isa = PBXContainerItemProxy;
			containerPortal = 2A76DDB51A603DD800C00302 /* Project object */;
			proxyType = 1;
			remoteGlobalIDString = 2A76DDBC1A603DD800C00302;
			remoteInfo = "Phylogenetic Tree";
		};
/* End PBXContainerItemProxy section */

/* Begin PBXFileReference section */
		2A296E281A62BE6E00049383 /* PHUtility.h */ = {isa = PBXFileReference; fileEncoding = 4; lastKnownFileType = sourcecode.c.h; name = PHUtility.h; path = "Utility + Shared Classes/PHUtility.h"; sourceTree = "<group>"; };
		2A296E291A62BE6E00049383 /* PHUtility.m */ = {isa = PBXFileReference; fileEncoding = 4; lastKnownFileType = sourcecode.c.objc; name = PHUtility.m; path = "Utility + Shared Classes/PHUtility.m"; sourceTree = "<group>"; };
		2A296E2B1A62BF1A00049383 /* DirectoryWatcher.h */ = {isa = PBXFileReference; fileEncoding = 4; lastKnownFileType = sourcecode.c.h; name = DirectoryWatcher.h; path = "Utility + Shared Classes/DirectoryWatcher.h"; sourceTree = "<group>"; };
		2A296E2C1A62BF1A00049383 /* DirectoryWatcher.m */ = {isa = PBXFileReference; fileEncoding = 4; lastKnownFileType = sourcecode.c.objc; name = DirectoryWatcher.m; path = "Utility + Shared Classes/DirectoryWatcher.m"; sourceTree = "<group>"; };
		2A76DDBD1A603DD800C00302 /* Phylogenetic Tree.app */ = {isa = PBXFileReference; explicitFileType = wrapper.application; includeInIndex = 0; path = "Phylogenetic Tree.app"; sourceTree = BUILT_PRODUCTS_DIR; };
		2A76DDC11A603DD800C00302 /* Info.plist */ = {isa = PBXFileReference; lastKnownFileType = text.plist.xml; path = Info.plist; sourceTree = "<group>"; };
		2A76DDC21A603DD800C00302 /* main.m */ = {isa = PBXFileReference; lastKnownFileType = sourcecode.c.objc; path = main.m; sourceTree = "<group>"; };
		2A76DDC41A603DD800C00302 /* AppDelegate.h */ = {isa = PBXFileReference; lastKnownFileType = sourcecode.c.h; path = AppDelegate.h; sourceTree = "<group>"; };
		2A76DDC51A603DD800C00302 /* AppDelegate.m */ = {isa = PBXFileReference; lastKnownFileType = sourcecode.c.objc; path = AppDelegate.m; sourceTree = "<group>"; };
		2A76DDC71A603DD800C00302 /* PHFilechooserViewController.h */ = {isa = PBXFileReference; lastKnownFileType = sourcecode.c.h; name = PHFilechooserViewController.h; path = "View Controllers/FASTA Extractors/PHFilechooserViewController.h"; sourceTree = "<group>"; };
		2A76DDC81A603DD800C00302 /* PHFilechooserViewController.m */ = {isa = PBXFileReference; lastKnownFileType = sourcecode.c.objc; name = PHFilechooserViewController.m; path = "View Controllers/FASTA Extractors/PHFilechooserViewController.m"; sourceTree = "<group>"; };
		2A76DDCB1A603DD800C00302 /* Base */ = {isa = PBXFileReference; lastKnownFileType = file.storyboard; name = Base; path = Base.lproj/Main.storyboard; sourceTree = "<group>"; };
		2A76DDCD1A603DD800C00302 /* Images.xcassets */ = {isa = PBXFileReference; lastKnownFileType = folder.assetcatalog; path = Images.xcassets; sourceTree = "<group>"; };
		2A76DDD01A603DD800C00302 /* Base */ = {isa = PBXFileReference; lastKnownFileType = file.xib; name = Base; path = Base.lproj/LaunchScreen.xib; sourceTree = "<group>"; };
		2A76DDD61A603DD800C00302 /* Phylogenetic TreeTests.xctest */ = {isa = PBXFileReference; explicitFileType = wrapper.cfbundle; includeInIndex = 0; path = "Phylogenetic TreeTests.xctest"; sourceTree = BUILT_PRODUCTS_DIR; };
		2A76DDDB1A603DD800C00302 /* Info.plist */ = {isa = PBXFileReference; lastKnownFileType = text.plist.xml; path = Info.plist; sourceTree = "<group>"; };
		2A76DDDC1A603DD800C00302 /* Phylogenetic_TreeTests.m */ = {isa = PBXFileReference; lastKnownFileType = sourcecode.c.objc; path = Phylogenetic_TreeTests.m; sourceTree = "<group>"; };
		2A7A93D41A678D4000BE29E9 /* PHiTunesFASTATableViewController.h */ = {isa = PBXFileReference; fileEncoding = 4; lastKnownFileType = sourcecode.c.h; name = PHiTunesFASTATableViewController.h; path = "View Controllers/FASTA Extractors/PHiTunesFASTATableViewController.h"; sourceTree = "<group>"; };
		2A7A93D51A678D4000BE29E9 /* PHiTunesFASTATableViewController.m */ = {isa = PBXFileReference; fileEncoding = 4; lastKnownFileType = sourcecode.c.objc; name = PHiTunesFASTATableViewController.m; path = "View Controllers/FASTA Extractors/PHiTunesFASTATableViewController.m"; sourceTree = "<group>"; };
/* End PBXFileReference section */

/* Begin PBXFrameworksBuildPhase section */
		2A76DDBA1A603DD800C00302 /* Frameworks */ = {
			isa = PBXFrameworksBuildPhase;
			buildActionMask = 2147483647;
			files = (
			);
			runOnlyForDeploymentPostprocessing = 0;
		};
		2A76DDD31A603DD800C00302 /* Frameworks */ = {
			isa = PBXFrameworksBuildPhase;
			buildActionMask = 2147483647;
			files = (
			);
			runOnlyForDeploymentPostprocessing = 0;
		};
/* End PBXFrameworksBuildPhase section */

/* Begin PBXGroup section */
		2A296E271A62BE1700049383 /* Utilities + Shared Classes */ = {
			isa = PBXGroup;
			children = (
				2A296E281A62BE6E00049383 /* PHUtility.h */,
				2A296E291A62BE6E00049383 /* PHUtility.m */,
				2A296E2B1A62BF1A00049383 /* DirectoryWatcher.h */,
				2A296E2C1A62BF1A00049383 /* DirectoryWatcher.m */,
			);
			name = "Utilities + Shared Classes";
			sourceTree = "<group>";
		};
		2A76DDB41A603DD800C00302 = {
			isa = PBXGroup;
			children = (
				2A76DDBF1A603DD800C00302 /* Phylogenetic Tree */,
				2A76DDD91A603DD800C00302 /* Phylogenetic TreeTests */,
				2A76DDBE1A603DD800C00302 /* Products */,
			);
			sourceTree = "<group>";
		};
		2A76DDBE1A603DD800C00302 /* Products */ = {
			isa = PBXGroup;
			children = (
				2A76DDBD1A603DD800C00302 /* Phylogenetic Tree.app */,
				2A76DDD61A603DD800C00302 /* Phylogenetic TreeTests.xctest */,
			);
			name = Products;
			sourceTree = "<group>";
		};
		2A76DDBF1A603DD800C00302 /* Phylogenetic Tree */ = {
			isa = PBXGroup;
			children = (
				2A76DDC41A603DD800C00302 /* AppDelegate.h */,
				2A76DDC51A603DD800C00302 /* AppDelegate.m */,
				2A7A93D21A678B8E00BE29E9 /* View Controllers */,
				2A296E271A62BE1700049383 /* Utilities + Shared Classes */,
				2A76DDCA1A603DD800C00302 /* Main.storyboard */,
				2A76DDCD1A603DD800C00302 /* Images.xcassets */,
				2A76DDCF1A603DD800C00302 /* LaunchScreen.xib */,
				2A76DDC01A603DD800C00302 /* Supporting Files */,
			);
			path = "Phylogenetic Tree";
			sourceTree = "<group>";
		};
		2A76DDC01A603DD800C00302 /* Supporting Files */ = {
			isa = PBXGroup;
			children = (
				2A76DDC11A603DD800C00302 /* Info.plist */,
				2A76DDC21A603DD800C00302 /* main.m */,
			);
			name = "Supporting Files";
			sourceTree = "<group>";
		};
		2A76DDD91A603DD800C00302 /* Phylogenetic TreeTests */ = {
			isa = PBXGroup;
			children = (
				2A76DDDC1A603DD800C00302 /* Phylogenetic_TreeTests.m */,
				2A76DDDA1A603DD800C00302 /* Supporting Files */,
			);
			path = "Phylogenetic TreeTests";
			sourceTree = "<group>";
		};
		2A76DDDA1A603DD800C00302 /* Supporting Files */ = {
			isa = PBXGroup;
			children = (
				2A76DDDB1A603DD800C00302 /* Info.plist */,
			);
			name = "Supporting Files";
			sourceTree = "<group>";
		};
		2A7A93D21A678B8E00BE29E9 /* View Controllers */ = {
			isa = PBXGroup;
			children = (
				2A7A93D31A678BCB00BE29E9 /* FASTA Extractors */,
			);
			name = "View Controllers";
			sourceTree = "<group>";
		};
		2A7A93D31A678BCB00BE29E9 /* FASTA Extractors */ = {
			isa = PBXGroup;
			children = (
				2A76DDC71A603DD800C00302 /* PHFilechooserViewController.h */,
				2A76DDC81A603DD800C00302 /* PHFilechooserViewController.m */,
				2A7A93D41A678D4000BE29E9 /* PHiTunesFASTATableViewController.h */,
				2A7A93D51A678D4000BE29E9 /* PHiTunesFASTATableViewController.m */,
			);
			name = "FASTA Extractors";
			sourceTree = "<group>";
		};
/* End PBXGroup section */

/* Begin PBXNativeTarget section */
		2A76DDBC1A603DD800C00302 /* Phylogenetic Tree */ = {
			isa = PBXNativeTarget;
			buildConfigurationList = 2A76DDE01A603DD800C00302 /* Build configuration list for PBXNativeTarget "Phylogenetic Tree" */;
			buildPhases = (
				2A76DDB91A603DD800C00302 /* Sources */,
				2A76DDBA1A603DD800C00302 /* Frameworks */,
				2A76DDBB1A603DD800C00302 /* Resources */,
			);
			buildRules = (
			);
			dependencies = (
			);
			name = "Phylogenetic Tree";
			productName = "Phylogenetic Tree";
			productReference = 2A76DDBD1A603DD800C00302 /* Phylogenetic Tree.app */;
			productType = "com.apple.product-type.application";
		};
		2A76DDD51A603DD800C00302 /* Phylogenetic TreeTests */ = {
			isa = PBXNativeTarget;
			buildConfigurationList = 2A76DDE31A603DD800C00302 /* Build configuration list for PBXNativeTarget "Phylogenetic TreeTests" */;
			buildPhases = (
				2A76DDD21A603DD800C00302 /* Sources */,
				2A76DDD31A603DD800C00302 /* Frameworks */,
				2A76DDD41A603DD800C00302 /* Resources */,
			);
			buildRules = (
			);
			dependencies = (
				2A76DDD81A603DD800C00302 /* PBXTargetDependency */,
			);
			name = "Phylogenetic TreeTests";
			productName = "Phylogenetic TreeTests";
			productReference = 2A76DDD61A603DD800C00302 /* Phylogenetic TreeTests.xctest */;
			productType = "com.apple.product-type.bundle.unit-test";
		};
/* End PBXNativeTarget section */

/* Begin PBXProject section */
		2A76DDB51A603DD800C00302 /* Project object */ = {
			isa = PBXProject;
			attributes = {
				LastUpgradeCheck = 0620;
				ORGANIZATIONNAME = Adroit;
				TargetAttributes = {
					2A76DDBC1A603DD800C00302 = {
						CreatedOnToolsVersion = 6.2;
					};
					2A76DDD51A603DD800C00302 = {
						CreatedOnToolsVersion = 6.2;
						TestTargetID = 2A76DDBC1A603DD800C00302;
					};
				};
			};
			buildConfigurationList = 2A76DDB81A603DD800C00302 /* Build configuration list for PBXProject "Phylogenetic Tree" */;
			compatibilityVersion = "Xcode 3.2";
			developmentRegion = English;
			hasScannedForEncodings = 0;
			knownRegions = (
				en,
				Base,
			);
			mainGroup = 2A76DDB41A603DD800C00302;
			productRefGroup = 2A76DDBE1A603DD800C00302 /* Products */;
			projectDirPath = "";
			projectRoot = "";
			targets = (
				2A76DDBC1A603DD800C00302 /* Phylogenetic Tree */,
				2A76DDD51A603DD800C00302 /* Phylogenetic TreeTests */,
			);
		};
/* End PBXProject section */

/* Begin PBXResourcesBuildPhase section */
		2A76DDBB1A603DD800C00302 /* Resources */ = {
			isa = PBXResourcesBuildPhase;
			buildActionMask = 2147483647;
			files = (
				2A76DDCC1A603DD800C00302 /* Main.storyboard in Resources */,
				2A76DDD11A603DD800C00302 /* LaunchScreen.xib in Resources */,
				2A76DDCE1A603DD800C00302 /* Images.xcassets in Resources */,
			);
			runOnlyForDeploymentPostprocessing = 0;
		};
		2A76DDD41A603DD800C00302 /* Resources */ = {
			isa = PBXResourcesBuildPhase;
			buildActionMask = 2147483647;
			files = (
			);
			runOnlyForDeploymentPostprocessing = 0;
		};
/* End PBXResourcesBuildPhase section */

/* Begin PBXSourcesBuildPhase section */
		2A76DDB91A603DD800C00302 /* Sources */ = {
			isa = PBXSourcesBuildPhase;
			buildActionMask = 2147483647;
			files = (
				2A76DDC91A603DD800C00302 /* PHFilechooserViewController.m in Sources */,
				2A76DDC61A603DD800C00302 /* AppDelegate.m in Sources */,
				2A296E2A1A62BE6E00049383 /* PHUtility.m in Sources */,
				2A296E2D1A62BF1A00049383 /* DirectoryWatcher.m in Sources */,
				2A76DDC31A603DD800C00302 /* main.m in Sources */,
				2A7A93D61A678D4000BE29E9 /* PHiTunesFASTATableViewController.m in Sources */,
			);
			runOnlyForDeploymentPostprocessing = 0;
		};
		2A76DDD21A603DD800C00302 /* Sources */ = {
			isa = PBXSourcesBuildPhase;
			buildActionMask = 2147483647;
			files = (
				2A76DDDD1A603DD800C00302 /* Phylogenetic_TreeTests.m in Sources */,
			);
			runOnlyForDeploymentPostprocessing = 0;
		};
/* End PBXSourcesBuildPhase section */

/* Begin PBXTargetDependency section */
		2A76DDD81A603DD800C00302 /* PBXTargetDependency */ = {
			isa = PBXTargetDependency;
			target = 2A76DDBC1A603DD800C00302 /* Phylogenetic Tree */;
			targetProxy = 2A76DDD71A603DD800C00302 /* PBXContainerItemProxy */;
		};
/* End PBXTargetDependency section */

/* Begin PBXVariantGroup section */
		2A76DDCA1A603DD800C00302 /* Main.storyboard */ = {
			isa = PBXVariantGroup;
			children = (
				2A76DDCB1A603DD800C00302 /* Base */,
			);
			name = Main.storyboard;
			sourceTree = "<group>";
		};
		2A76DDCF1A603DD800C00302 /* LaunchScreen.xib */ = {
			isa = PBXVariantGroup;
			children = (
				2A76DDD01A603DD800C00302 /* Base */,
			);
			name = LaunchScreen.xib;
			sourceTree = "<group>";
		};
/* End PBXVariantGroup section */

/* Begin XCBuildConfiguration section */
		2A76DDDE1A603DD800C00302 /* Debug */ = {
			isa = XCBuildConfiguration;
			buildSettings = {
				ALWAYS_SEARCH_USER_PATHS = NO;
				CLANG_CXX_LANGUAGE_STANDARD = "gnu++0x";
				CLANG_CXX_LIBRARY = "libc++";
				CLANG_ENABLE_MODULES = YES;
				CLANG_ENABLE_OBJC_ARC = YES;
				CLANG_WARN_BOOL_CONVERSION = YES;
				CLANG_WARN_CONSTANT_CONVERSION = YES;
				CLANG_WARN_DIRECT_OBJC_ISA_USAGE = YES_ERROR;
				CLANG_WARN_EMPTY_BODY = YES;
				CLANG_WARN_ENUM_CONVERSION = YES;
				CLANG_WARN_INT_CONVERSION = YES;
				CLANG_WARN_OBJC_ROOT_CLASS = YES_ERROR;
				CLANG_WARN_UNREACHABLE_CODE = YES;
				CLANG_WARN__DUPLICATE_METHOD_MATCH = YES;
				"CODE_SIGN_IDENTITY[sdk=iphoneos*]" = "iPhone Developer";
				COPY_PHASE_STRIP = NO;
				ENABLE_STRICT_OBJC_MSGSEND = YES;
				GCC_C_LANGUAGE_STANDARD = gnu99;
				GCC_DYNAMIC_NO_PIC = NO;
				GCC_OPTIMIZATION_LEVEL = 0;
				GCC_PREPROCESSOR_DEFINITIONS = (
					"DEBUG=1",
					"$(inherited)",
				);
				GCC_SYMBOLS_PRIVATE_EXTERN = NO;
				GCC_WARN_64_TO_32_BIT_CONVERSION = YES;
				GCC_WARN_ABOUT_RETURN_TYPE = YES_ERROR;
				GCC_WARN_UNDECLARED_SELECTOR = YES;
				GCC_WARN_UNINITIALIZED_AUTOS = YES_AGGRESSIVE;
				GCC_WARN_UNUSED_FUNCTION = YES;
				GCC_WARN_UNUSED_VARIABLE = YES;
				IPHONEOS_DEPLOYMENT_TARGET = 8.2;
				MTL_ENABLE_DEBUG_INFO = YES;
				ONLY_ACTIVE_ARCH = YES;
				SDKROOT = iphoneos;
				TARGETED_DEVICE_FAMILY = 2;
			};
			name = Debug;
		};
		2A76DDDF1A603DD800C00302 /* Release */ = {
			isa = XCBuildConfiguration;
			buildSettings = {
				ALWAYS_SEARCH_USER_PATHS = NO;
				CLANG_CXX_LANGUAGE_STANDARD = "gnu++0x";
				CLANG_CXX_LIBRARY = "libc++";
				CLANG_ENABLE_MODULES = YES;
				CLANG_ENABLE_OBJC_ARC = YES;
				CLANG_WARN_BOOL_CONVERSION = YES;
				CLANG_WARN_CONSTANT_CONVERSION = YES;
				CLANG_WARN_DIRECT_OBJC_ISA_USAGE = YES_ERROR;
				CLANG_WARN_EMPTY_BODY = YES;
				CLANG_WARN_ENUM_CONVERSION = YES;
				CLANG_WARN_INT_CONVERSION = YES;
				CLANG_WARN_OBJC_ROOT_CLASS = YES_ERROR;
				CLANG_WARN_UNREACHABLE_CODE = YES;
				CLANG_WARN__DUPLICATE_METHOD_MATCH = YES;
				"CODE_SIGN_IDENTITY[sdk=iphoneos*]" = "iPhone Developer";
				COPY_PHASE_STRIP = YES;
				ENABLE_NS_ASSERTIONS = NO;
				ENABLE_STRICT_OBJC_MSGSEND = YES;
				GCC_C_LANGUAGE_STANDARD = gnu99;
				GCC_WARN_64_TO_32_BIT_CONVERSION = YES;
				GCC_WARN_ABOUT_RETURN_TYPE = YES_ERROR;
				GCC_WARN_UNDECLARED_SELECTOR = YES;
				GCC_WARN_UNINITIALIZED_AUTOS = YES_AGGRESSIVE;
				GCC_WARN_UNUSED_FUNCTION = YES;
				GCC_WARN_UNUSED_VARIABLE = YES;
				IPHONEOS_DEPLOYMENT_TARGET = 8.2;
				MTL_ENABLE_DEBUG_INFO = NO;
				SDKROOT = iphoneos;
				TARGETED_DEVICE_FAMILY = 2;
				VALIDATE_PRODUCT = YES;
			};
			name = Release;
		};
		2A76DDE11A603DD800C00302 /* Debug */ = {
			isa = XCBuildConfiguration;
			buildSettings = {
				ASSETCATALOG_COMPILER_APPICON_NAME = AppIcon;
				CODE_SIGN_IDENTITY = "iPhone Developer";
				"CODE_SIGN_IDENTITY[sdk=iphoneos*]" = "iPhone Developer";
				INFOPLIST_FILE = "Phylogenetic Tree/Info.plist";
				IPHONEOS_DEPLOYMENT_TARGET = 8.0;
				LD_RUNPATH_SEARCH_PATHS = "$(inherited) @executable_path/Frameworks";
				PRODUCT_NAME = "$(TARGET_NAME)";
				PROVISIONING_PROFILE = "";
				TARGETED_DEVICE_FAMILY = 2;
			};
			name = Debug;
		};
		2A76DDE21A603DD800C00302 /* Release */ = {
			isa = XCBuildConfiguration;
			buildSettings = {
				ASSETCATALOG_COMPILER_APPICON_NAME = AppIcon;
				CODE_SIGN_IDENTITY = "iPhone Developer";
				"CODE_SIGN_IDENTITY[sdk=iphoneos*]" = "iPhone Developer";
				INFOPLIST_FILE = "Phylogenetic Tree/Info.plist";
				IPHONEOS_DEPLOYMENT_TARGET = 8.0;
				LD_RUNPATH_SEARCH_PATHS = "$(inherited) @executable_path/Frameworks";
				PRODUCT_NAME = "$(TARGET_NAME)";
				PROVISIONING_PROFILE = "";
				TARGETED_DEVICE_FAMILY = 2;
			};
			name = Release;
		};
		2A76DDE41A603DD800C00302 /* Debug */ = {
			isa = XCBuildConfiguration;
			buildSettings = {
				BUNDLE_LOADER = "$(TEST_HOST)";
				FRAMEWORK_SEARCH_PATHS = (
					"$(SDKROOT)/Developer/Library/Frameworks",
					"$(inherited)",
				);
				GCC_PREPROCESSOR_DEFINITIONS = (
					"DEBUG=1",
					"$(inherited)",
				);
				INFOPLIST_FILE = "Phylogenetic TreeTests/Info.plist";
				LD_RUNPATH_SEARCH_PATHS = "$(inherited) @executable_path/Frameworks @loader_path/Frameworks";
				PRODUCT_NAME = "$(TARGET_NAME)";
				TEST_HOST = "$(BUILT_PRODUCTS_DIR)/Phylogenetic Tree.app/Phylogenetic Tree";
			};
			name = Debug;
		};
		2A76DDE51A603DD800C00302 /* Release */ = {
			isa = XCBuildConfiguration;
			buildSettings = {
				BUNDLE_LOADER = "$(TEST_HOST)";
				FRAMEWORK_SEARCH_PATHS = (
					"$(SDKROOT)/Developer/Library/Frameworks",
					"$(inherited)",
				);
				INFOPLIST_FILE = "Phylogenetic TreeTests/Info.plist";
				LD_RUNPATH_SEARCH_PATHS = "$(inherited) @executable_path/Frameworks @loader_path/Frameworks";
				PRODUCT_NAME = "$(TARGET_NAME)";
				TEST_HOST = "$(BUILT_PRODUCTS_DIR)/Phylogenetic Tree.app/Phylogenetic Tree";
			};
			name = Release;
		};
/* End XCBuildConfiguration section */

/* Begin XCConfigurationList section */
		2A76DDB81A603DD800C00302 /* Build configuration list for PBXProject "Phylogenetic Tree" */ = {
			isa = XCConfigurationList;
			buildConfigurations = (
				2A76DDDE1A603DD800C00302 /* Debug */,
				2A76DDDF1A603DD800C00302 /* Release */,
			);
			defaultConfigurationIsVisible = 0;
			defaultConfigurationName = Release;
		};
		2A76DDE01A603DD800C00302 /* Build configuration list for PBXNativeTarget "Phylogenetic Tree" */ = {
			isa = XCConfigurationList;
			buildConfigurations = (
				2A76DDE11A603DD800C00302 /* Debug */,
				2A76DDE21A603DD800C00302 /* Release */,
			);
			defaultConfigurationIsVisible = 0;
			defaultConfigurationName = Release;
		};
		2A76DDE31A603DD800C00302 /* Build configuration list for PBXNativeTarget "Phylogenetic TreeTests" */ = {
			isa = XCConfigurationList;
			buildConfigurations = (
				2A76DDE41A603DD800C00302 /* Debug */,
				2A76DDE51A603DD800C00302 /* Release */,
			);
			defaultConfigurationIsVisible = 0;
			defaultConfigurationName = Release;
		};
/* End XCConfigurationList section */
	};
	rootObject = 2A76DDB51A603DD800C00302 /* Project object */;
}
